
Microsoft Visual Studio Solution File, Format Version 12.00
# Visual Studio Version 17
VisualStudioVersion = 17.2.32630.192
MinimumVisualStudioVersion = 10.0.40219.1
Project("{FAE04EC0-301F-11D3-BF4B-00C04F79EFBC}") = "AppTercerCicloDemo01", "AppTercerCicloDemo01\AppTercerCicloDemo01.csproj", "{BFEA6F70-FA5C-4BED-8AAC-7EC26A140750}"
EndProject
Global
	GlobalSection(SolutionConfigurationPlatforms) = preSolution
		Debug|Any CPU = Debug|Any CPU
		Release|Any CPU = Release|Any CPU
	EndGlobalSection
	GlobalSection(ProjectConfigurationPlatforms) = postSolution
		{BFEA6F70-FA5C-4BED-8AAC-7EC26A140750}.Debug|Any CPU.ActiveCfg = Debug|Any CPU
		{BFEA6F70-FA5C-4BED-8AAC-7EC26A140750}.Debug|Any CPU.Build.0 = Debug|Any CPU
		{BFEA6F70-FA5C-4BED-8AAC-7EC26A140750}.Release|Any CPU.ActiveCfg = Release|Any CPU
		{BFEA6F70-FA5C-4BED-8AAC-7EC26A140750}.Release|Any CPU.Build.0 = Release|Any CPU
	EndGlobalSection
	GlobalSection(SolutionProperties) = preSolution
		HideSolutionNode = FALSE
	EndGlobalSection
	GlobalSection(ExtensibilityGlobals) = postSolution
		SolutionGuid = {FACB3C62-B6E0-46CF-8CB6-2882239878DF}
	EndGlobalSection
EndGlobal
