
Microsoft Visual Studio Solution File, Format Version 12.00
# Visual Studio Version 17
VisualStudioVersion = 17.2.32630.192
MinimumVisualStudioVersion = 10.0.40219.1
Project("{2150E333-8FDC-42A3-9474-1A3956D46DE8}") = "01 PRESENTACION", "01 PRESENTACION", "{903D2A98-25CE-4267-9295-194F7141BFF3}"
EndProject
Project("{2150E333-8FDC-42A3-9474-1A3956D46DE8}") = "02 LOGICA_NEGOCIO", "02 LOGICA_NEGOCIO", "{BC34E76D-9AEC-4067-B6E9-814A0D8EC1EE}"
EndProject
Project("{2150E333-8FDC-42A3-9474-1A3956D46DE8}") = "03 ACCESO A DATOS", "03 ACCESO A DATOS", "{C6F3E820-D326-4A5C-88BF-1C341C9D6231}"
EndProject
Project("{2150E333-8FDC-42A3-9474-1A3956D46DE8}") = "04 MODELOS", "04 MODELOS", "{693F6C6E-AA65-421C-8C3A-A7B1ED8F53C6}"
EndProject
Project("{2150E333-8FDC-42A3-9474-1A3956D46DE8}") = "05 UTILITARIOS", "05 UTILITARIOS", "{17A4BABD-E8E3-4C7C-8F08-D67E30DCABC0}"
EndProject
Project("{FAE04EC0-301F-11D3-BF4B-00C04F79EFBC}") = "TiendaVirtualApi", "TiendaVirtualApi\TiendaVirtualApi.csproj", "{4903860B-C4EE-403F-89B2-C7EB3C5A193C}"
EndProject
Project("{FAE04EC0-301F-11D3-BF4B-00C04F79EFBC}") = "Negocio", "Negocio\Negocio.csproj", "{AA98FB5D-9889-45AD-B96B-F6F54E66905E}"
EndProject
Project("{FAE04EC0-301F-11D3-BF4B-00C04F79EFBC}") = "NegocioInterface", "NegocioInterface\NegocioInterface.csproj", "{C630C12A-3292-4930-8D24-9751C7BFE2FE}"
EndProject
Project("{FAE04EC0-301F-11D3-BF4B-00C04F79EFBC}") = "Data", "Data\Data.csproj", "{FA668DE5-A362-4134-A948-101763BEA2C8}"
EndProject
Project("{FAE04EC0-301F-11D3-BF4B-00C04F79EFBC}") = "DataInterface", "DataInterface\DataInterface.csproj", "{563D94F7-8CDD-4DB2-845C-0457E0E06962}"
EndProject
Project("{FAE04EC0-301F-11D3-BF4B-00C04F79EFBC}") = "Model", "Model\Model.csproj", "{F41F3D5D-EFCB-4A67-8D6A-9AB42C399614}"
EndProject
Project("{FAE04EC0-301F-11D3-BF4B-00C04F79EFBC}") = "Utilitarios", "Utilitarios\Utilitarios.csproj", "{4A6DC70A-AF5A-4505-AFB6-26EEC202ACF3}"
EndProject
Project("{FAE04EC0-301F-11D3-BF4B-00C04F79EFBC}") = "Constantes", "Constantes\Constantes.csproj", "{F497043E-AB91-415B-9B82-2E6925304864}"
EndProject
Project("{FAE04EC0-301F-11D3-BF4B-00C04F79EFBC}") = "Repositorio", "Repositorio\Repositorio.csproj", "{13351DA8-466C-4AB1-843C-DA44AB3F00F9}"
EndProject
Global
	GlobalSection(SolutionConfigurationPlatforms) = preSolution
		Debug|Any CPU = Debug|Any CPU
		Release|Any CPU = Release|Any CPU
	EndGlobalSection
	GlobalSection(ProjectConfigurationPlatforms) = postSolution
		{4903860B-C4EE-403F-89B2-C7EB3C5A193C}.Debug|Any CPU.ActiveCfg = Debug|Any CPU
		{4903860B-C4EE-403F-89B2-C7EB3C5A193C}.Debug|Any CPU.Build.0 = Debug|Any CPU
		{4903860B-C4EE-403F-89B2-C7EB3C5A193C}.Release|Any CPU.ActiveCfg = Release|Any CPU
		{4903860B-C4EE-403F-89B2-C7EB3C5A193C}.Release|Any CPU.Build.0 = Release|Any CPU
		{AA98FB5D-9889-45AD-B96B-F6F54E66905E}.Debug|Any CPU.ActiveCfg = Debug|Any CPU
		{AA98FB5D-9889-45AD-B96B-F6F54E66905E}.Debug|Any CPU.Build.0 = Debug|Any CPU
		{AA98FB5D-9889-45AD-B96B-F6F54E66905E}.Release|Any CPU.ActiveCfg = Release|Any CPU
		{AA98FB5D-9889-45AD-B96B-F6F54E66905E}.Release|Any CPU.Build.0 = Release|Any CPU
		{C630C12A-3292-4930-8D24-9751C7BFE2FE}.Debug|Any CPU.ActiveCfg = Debug|Any CPU
		{C630C12A-3292-4930-8D24-9751C7BFE2FE}.Debug|Any CPU.Build.0 = Debug|Any CPU
		{C630C12A-3292-4930-8D24-9751C7BFE2FE}.Release|Any CPU.ActiveCfg = Release|Any CPU
		{C630C12A-3292-4930-8D24-9751C7BFE2FE}.Release|Any CPU.Build.0 = Release|Any CPU
		{FA668DE5-A362-4134-A948-101763BEA2C8}.Debug|Any CPU.ActiveCfg = Debug|Any CPU
		{FA668DE5-A362-4134-A948-101763BEA2C8}.Debug|Any CPU.Build.0 = Debug|Any CPU
		{FA668DE5-A362-4134-A948-101763BEA2C8}.Release|Any CPU.ActiveCfg = Release|Any CPU
		{FA668DE5-A362-4134-A948-101763BEA2C8}.Release|Any CPU.Build.0 = Release|Any CPU
		{563D94F7-8CDD-4DB2-845C-0457E0E06962}.Debug|Any CPU.ActiveCfg = Debug|Any CPU
		{563D94F7-8CDD-4DB2-845C-0457E0E06962}.Debug|Any CPU.Build.0 = Debug|Any CPU
		{563D94F7-8CDD-4DB2-845C-0457E0E06962}.Release|Any CPU.ActiveCfg = Release|Any CPU
		{563D94F7-8CDD-4DB2-845C-0457E0E06962}.Release|Any CPU.Build.0 = Release|Any CPU
		{F41F3D5D-EFCB-4A67-8D6A-9AB42C399614}.Debug|Any CPU.ActiveCfg = Debug|Any CPU
		{F41F3D5D-EFCB-4A67-8D6A-9AB42C399614}.Debug|Any CPU.Build.0 = Debug|Any CPU
		{F41F3D5D-EFCB-4A67-8D6A-9AB42C399614}.Release|Any CPU.ActiveCfg = Release|Any CPU
		{F41F3D5D-EFCB-4A67-8D6A-9AB42C399614}.Release|Any CPU.Build.0 = Release|Any CPU
		{4A6DC70A-AF5A-4505-AFB6-26EEC202ACF3}.Debug|Any CPU.ActiveCfg = Debug|Any CPU
		{4A6DC70A-AF5A-4505-AFB6-26EEC202ACF3}.Debug|Any CPU.Build.0 = Debug|Any CPU
		{4A6DC70A-AF5A-4505-AFB6-26EEC202ACF3}.Release|Any CPU.ActiveCfg = Release|Any CPU
		{4A6DC70A-AF5A-4505-AFB6-26EEC202ACF3}.Release|Any CPU.Build.0 = Release|Any CPU
		{F497043E-AB91-415B-9B82-2E6925304864}.Debug|Any CPU.ActiveCfg = Debug|Any CPU
		{F497043E-AB91-415B-9B82-2E6925304864}.Debug|Any CPU.Build.0 = Debug|Any CPU
		{F497043E-AB91-415B-9B82-2E6925304864}.Release|Any CPU.ActiveCfg = Release|Any CPU
		{F497043E-AB91-415B-9B82-2E6925304864}.Release|Any CPU.Build.0 = Release|Any CPU
		{13351DA8-466C-4AB1-843C-DA44AB3F00F9}.Debug|Any CPU.ActiveCfg = Debug|Any CPU
		{13351DA8-466C-4AB1-843C-DA44AB3F00F9}.Debug|Any CPU.Build.0 = Debug|Any CPU
		{13351DA8-466C-4AB1-843C-DA44AB3F00F9}.Release|Any CPU.ActiveCfg = Release|Any CPU
		{13351DA8-466C-4AB1-843C-DA44AB3F00F9}.Release|Any CPU.Build.0 = Release|Any CPU
	EndGlobalSection
	GlobalSection(SolutionProperties) = preSolution
		HideSolutionNode = FALSE
	EndGlobalSection
	GlobalSection(NestedProjects) = preSolution
		{4903860B-C4EE-403F-89B2-C7EB3C5A193C} = {903D2A98-25CE-4267-9295-194F7141BFF3}
		{AA98FB5D-9889-45AD-B96B-F6F54E66905E} = {BC34E76D-9AEC-4067-B6E9-814A0D8EC1EE}
		{C630C12A-3292-4930-8D24-9751C7BFE2FE} = {BC34E76D-9AEC-4067-B6E9-814A0D8EC1EE}
		{FA668DE5-A362-4134-A948-101763BEA2C8} = {C6F3E820-D326-4A5C-88BF-1C341C9D6231}
		{563D94F7-8CDD-4DB2-845C-0457E0E06962} = {C6F3E820-D326-4A5C-88BF-1C341C9D6231}
		{F41F3D5D-EFCB-4A67-8D6A-9AB42C399614} = {693F6C6E-AA65-421C-8C3A-A7B1ED8F53C6}
		{4A6DC70A-AF5A-4505-AFB6-26EEC202ACF3} = {17A4BABD-E8E3-4C7C-8F08-D67E30DCABC0}
		{F497043E-AB91-415B-9B82-2E6925304864} = {17A4BABD-E8E3-4C7C-8F08-D67E30DCABC0}
		{13351DA8-466C-4AB1-843C-DA44AB3F00F9} = {C6F3E820-D326-4A5C-88BF-1C341C9D6231}
	EndGlobalSection
	GlobalSection(ExtensibilityGlobals) = postSolution
		SolutionGuid = {85AB3957-473B-4CE6-AD31-99168AAD2D62}
	EndGlobalSection
EndGlobal
